// !$*UTF8*$!
{
	archiveVersion = 1;
	classes = {
	};
	objectVersion = 46;
	objects = {

/* Begin PBXBuildFile section */
		B643A9421D37AE1E000E861F /* CDReminder+CoreDataProperties.m in Sources */ = {isa = PBXBuildFile; fileRef = B643A93F1D37AE1E000E861F /* CDReminder+CoreDataProperties.m */; };
		B643A9431D37AE1E000E861F /* CDReminder.m in Sources */ = {isa = PBXBuildFile; fileRef = B643A9411D37AE1E000E861F /* CDReminder.m */; };
		B64B937A1D2D47FD00CA5138 /* CDTopicTableViewController.m in Sources */ = {isa = PBXBuildFile; fileRef = B64B93791D2D47FD00CA5138 /* CDTopicTableViewController.m */; };
		B64B937E1D2D48C200CA5138 /* ReminderApp_OBJC.xcdatamodeld in Sources */ = {isa = PBXBuildFile; fileRef = B64B937C1D2D48C200CA5138 /* ReminderApp_OBJC.xcdatamodeld */; };
		B65226571D3387B800588A87 /* CDTopic+CoreDataProperties.m in Sources */ = {isa = PBXBuildFile; fileRef = B65226541D3387B800588A87 /* CDTopic+CoreDataProperties.m */; };
		B65226581D3387B800588A87 /* CDTopic.m in Sources */ = {isa = PBXBuildFile; fileRef = B65226561D3387B800588A87 /* CDTopic.m */; };
		B655766F1D26B0940075805E /* main.m in Sources */ = {isa = PBXBuildFile; fileRef = B655766E1D26B0940075805E /* main.m */; };
		B65576721D26B0940075805E /* AppDelegate.m in Sources */ = {isa = PBXBuildFile; fileRef = B65576711D26B0940075805E /* AppDelegate.m */; };
		B65576781D26B0940075805E /* Main.storyboard in Resources */ = {isa = PBXBuildFile; fileRef = B65576761D26B0940075805E /* Main.storyboard */; };
		B655767D1D26B0940075805E /* Assets.xcassets in Resources */ = {isa = PBXBuildFile; fileRef = B655767C1D26B0940075805E /* Assets.xcassets */; };
		B65576801D26B0940075805E /* LaunchScreen.storyboard in Resources */ = {isa = PBXBuildFile; fileRef = B655767E1D26B0940075805E /* LaunchScreen.storyboard */; };
		B6886A5C1D3E44A800B5E8F4 /* CDEditReminderTableViewController.m in Sources */ = {isa = PBXBuildFile; fileRef = B6886A5B1D3E44A800B5E8F4 /* CDEditReminderTableViewController.m */; };
		B6886A5F1D3E5EAD00B5E8F4 /* CDEditReminderTextCell.m in Sources */ = {isa = PBXBuildFile; fileRef = B6886A5E1D3E5EAD00B5E8F4 /* CDEditReminderTextCell.m */; };
		B6886A621D3E5EE400B5E8F4 /* CDEditRemindOnDayCell.m in Sources */ = {isa = PBXBuildFile; fileRef = B6886A611D3E5EE400B5E8F4 /* CDEditRemindOnDayCell.m */; };
		B6886A651D3E5EFF00B5E8F4 /* CDEditPriorityCell.m in Sources */ = {isa = PBXBuildFile; fileRef = B6886A641D3E5EFF00B5E8F4 /* CDEditPriorityCell.m */; };
		B6886A681D3E5F2D00B5E8F4 /* CDEditNotesTextCell.m in Sources */ = {isa = PBXBuildFile; fileRef = B6886A671D3E5F2D00B5E8F4 /* CDEditNotesTextCell.m */; };
		B6886A6B1D3E5F4700B5E8F4 /* CDEditDatePickerCell.m in Sources */ = {isa = PBXBuildFile; fileRef = B6886A6A1D3E5F4700B5E8F4 /* CDEditDatePickerCell.m */; };
		B6A4CD131D33E3BC0049B994 /* CDAddReminderCell.m in Sources */ = {isa = PBXBuildFile; fileRef = B6A4CD121D33E3BC0049B994 /* CDAddReminderCell.m */; };
		B6AAB4D31D34FA2900D76E5F /* CDReminderTableViewController.m in Sources */ = {isa = PBXBuildFile; fileRef = B6AAB4D11D34FA2900D76E5F /* CDReminderTableViewController.m */; };
		B6AAB4D61D353F9300D76E5F /* CDReminderCell.m in Sources */ = {isa = PBXBuildFile; fileRef = B6AAB4D51D353F9300D76E5F /* CDReminderCell.m */; };
/* End PBXBuildFile section */

/* Begin PBXFileReference section */
		B643A93E1D37AE1E000E861F /* CDReminder+CoreDataProperties.h */ = {isa = PBXFileReference; fileEncoding = 4; lastKnownFileType = sourcecode.c.h; path = "CDReminder+CoreDataProperties.h"; sourceTree = "<group>"; };
		B643A93F1D37AE1E000E861F /* CDReminder+CoreDataProperties.m */ = {isa = PBXFileReference; fileEncoding = 4; lastKnownFileType = sourcecode.c.objc; path = "CDReminder+CoreDataProperties.m"; sourceTree = "<group>"; };
		B643A9401D37AE1E000E861F /* CDReminder.h */ = {isa = PBXFileReference; fileEncoding = 4; lastKnownFileType = sourcecode.c.h; path = CDReminder.h; sourceTree = "<group>"; };
		B643A9411D37AE1E000E861F /* CDReminder.m */ = {isa = PBXFileReference; fileEncoding = 4; lastKnownFileType = sourcecode.c.objc; path = CDReminder.m; sourceTree = "<group>"; };
		B64B93781D2D47FD00CA5138 /* CDTopicTableViewController.h */ = {isa = PBXFileReference; fileEncoding = 4; lastKnownFileType = sourcecode.c.h; name = CDTopicTableViewController.h; path = Classes/Controller/CDTopicTableViewController.h; sourceTree = "<group>"; };
		B64B93791D2D47FD00CA5138 /* CDTopicTableViewController.m */ = {isa = PBXFileReference; fileEncoding = 4; lastKnownFileType = sourcecode.c.objc; name = CDTopicTableViewController.m; path = Classes/Controller/CDTopicTableViewController.m; sourceTree = "<group>"; };
		B64B937D1D2D48C200CA5138 /* ReminderApp_OBJC.xcdatamodel */ = {isa = PBXFileReference; lastKnownFileType = wrapper.xcdatamodel; path = ReminderApp_OBJC.xcdatamodel; sourceTree = "<group>"; };
		B65226531D3387B800588A87 /* CDTopic+CoreDataProperties.h */ = {isa = PBXFileReference; fileEncoding = 4; lastKnownFileType = sourcecode.c.h; name = "CDTopic+CoreDataProperties.h"; path = "Classes/Model/CDTopic+CoreDataProperties.h"; sourceTree = "<group>"; };
		B65226541D3387B800588A87 /* CDTopic+CoreDataProperties.m */ = {isa = PBXFileReference; fileEncoding = 4; lastKnownFileType = sourcecode.c.objc; name = "CDTopic+CoreDataProperties.m"; path = "Classes/Model/CDTopic+CoreDataProperties.m"; sourceTree = "<group>"; };
		B65226551D3387B800588A87 /* CDTopic.h */ = {isa = PBXFileReference; fileEncoding = 4; lastKnownFileType = sourcecode.c.h; name = CDTopic.h; path = Classes/Model/CDTopic.h; sourceTree = "<group>"; };
		B65226561D3387B800588A87 /* CDTopic.m */ = {isa = PBXFileReference; fileEncoding = 4; lastKnownFileType = sourcecode.c.objc; name = CDTopic.m; path = Classes/Model/CDTopic.m; sourceTree = "<group>"; };
		B655766A1D26B0940075805E /* ReminderApp-OBJC.app */ = {isa = PBXFileReference; explicitFileType = wrapper.application; includeInIndex = 0; path = "ReminderApp-OBJC.app"; sourceTree = BUILT_PRODUCTS_DIR; };
		B655766E1D26B0940075805E /* main.m */ = {isa = PBXFileReference; lastKnownFileType = sourcecode.c.objc; path = main.m; sourceTree = "<group>"; };
		B65576701D26B0940075805E /* AppDelegate.h */ = {isa = PBXFileReference; lastKnownFileType = sourcecode.c.h; path = AppDelegate.h; sourceTree = "<group>"; };
		B65576711D26B0940075805E /* AppDelegate.m */ = {isa = PBXFileReference; lastKnownFileType = sourcecode.c.objc; path = AppDelegate.m; sourceTree = "<group>"; };
		B65576771D26B0940075805E /* Base */ = {isa = PBXFileReference; lastKnownFileType = file.storyboard; name = Base; path = Base.lproj/Main.storyboard; sourceTree = "<group>"; };
		B655767C1D26B0940075805E /* Assets.xcassets */ = {isa = PBXFileReference; lastKnownFileType = folder.assetcatalog; path = Assets.xcassets; sourceTree = "<group>"; };
		B655767F1D26B0940075805E /* Base */ = {isa = PBXFileReference; lastKnownFileType = file.storyboard; name = Base; path = Base.lproj/LaunchScreen.storyboard; sourceTree = "<group>"; };
		B65576811D26B0940075805E /* Info.plist */ = {isa = PBXFileReference; lastKnownFileType = text.plist.xml; path = Info.plist; sourceTree = "<group>"; };
		B6886A5A1D3E44A800B5E8F4 /* CDEditReminderTableViewController.h */ = {isa = PBXFileReference; fileEncoding = 4; lastKnownFileType = sourcecode.c.h; name = CDEditReminderTableViewController.h; path = Classes/Controller/CDEditReminderTableViewController.h; sourceTree = "<group>"; };
		B6886A5B1D3E44A800B5E8F4 /* CDEditReminderTableViewController.m */ = {isa = PBXFileReference; fileEncoding = 4; lastKnownFileType = sourcecode.c.objc; name = CDEditReminderTableViewController.m; path = Classes/Controller/CDEditReminderTableViewController.m; sourceTree = "<group>"; };
		B6886A5D1D3E5EAD00B5E8F4 /* CDEditReminderTextCell.h */ = {isa = PBXFileReference; fileEncoding = 4; lastKnownFileType = sourcecode.c.h; name = CDEditReminderTextCell.h; path = Classes/ReminderCell/CDEditReminderTextCell.h; sourceTree = "<group>"; };
		B6886A5E1D3E5EAD00B5E8F4 /* CDEditReminderTextCell.m */ = {isa = PBXFileReference; fileEncoding = 4; lastKnownFileType = sourcecode.c.objc; name = CDEditReminderTextCell.m; path = Classes/ReminderCell/CDEditReminderTextCell.m; sourceTree = "<group>"; };
		B6886A601D3E5EE400B5E8F4 /* CDEditRemindOnDayCell.h */ = {isa = PBXFileReference; fileEncoding = 4; lastKnownFileType = sourcecode.c.h; name = CDEditRemindOnDayCell.h; path = Classes/ReminderCell/CDEditRemindOnDayCell.h; sourceTree = "<group>"; };
		B6886A611D3E5EE400B5E8F4 /* CDEditRemindOnDayCell.m */ = {isa = PBXFileReference; fileEncoding = 4; lastKnownFileType = sourcecode.c.objc; name = CDEditRemindOnDayCell.m; path = Classes/ReminderCell/CDEditRemindOnDayCell.m; sourceTree = "<group>"; };
		B6886A631D3E5EFF00B5E8F4 /* CDEditPriorityCell.h */ = {isa = PBXFileReference; fileEncoding = 4; lastKnownFileType = sourcecode.c.h; name = CDEditPriorityCell.h; path = Classes/ReminderCell/CDEditPriorityCell.h; sourceTree = "<group>"; };
		B6886A641D3E5EFF00B5E8F4 /* CDEditPriorityCell.m */ = {isa = PBXFileReference; fileEncoding = 4; lastKnownFileType = sourcecode.c.objc; name = CDEditPriorityCell.m; path = Classes/ReminderCell/CDEditPriorityCell.m; sourceTree = "<group>"; };
		B6886A661D3E5F2D00B5E8F4 /* CDEditNotesTextCell.h */ = {isa = PBXFileReference; fileEncoding = 4; lastKnownFileType = sourcecode.c.h; name = CDEditNotesTextCell.h; path = Classes/ReminderCell/CDEditNotesTextCell.h; sourceTree = "<group>"; };
		B6886A671D3E5F2D00B5E8F4 /* CDEditNotesTextCell.m */ = {isa = PBXFileReference; fileEncoding = 4; lastKnownFileType = sourcecode.c.objc; name = CDEditNotesTextCell.m; path = Classes/ReminderCell/CDEditNotesTextCell.m; sourceTree = "<group>"; };
		B6886A691D3E5F4700B5E8F4 /* CDEditDatePickerCell.h */ = {isa = PBXFileReference; fileEncoding = 4; lastKnownFileType = sourcecode.c.h; name = CDEditDatePickerCell.h; path = Classes/ReminderCell/CDEditDatePickerCell.h; sourceTree = "<group>"; };
		B6886A6A1D3E5F4700B5E8F4 /* CDEditDatePickerCell.m */ = {isa = PBXFileReference; fileEncoding = 4; lastKnownFileType = sourcecode.c.objc; name = CDEditDatePickerCell.m; path = Classes/ReminderCell/CDEditDatePickerCell.m; sourceTree = "<group>"; };
		B6A4CD111D33E3BC0049B994 /* CDAddReminderCell.h */ = {isa = PBXFileReference; fileEncoding = 4; lastKnownFileType = sourcecode.c.h; name = CDAddReminderCell.h; path = Classes/ReminderCell/CDAddReminderCell.h; sourceTree = "<group>"; };
		B6A4CD121D33E3BC0049B994 /* CDAddReminderCell.m */ = {isa = PBXFileReference; fileEncoding = 4; lastKnownFileType = sourcecode.c.objc; name = CDAddReminderCell.m; path = Classes/ReminderCell/CDAddReminderCell.m; sourceTree = "<group>"; };
		B6AAB4D11D34FA2900D76E5F /* CDReminderTableViewController.m */ = {isa = PBXFileReference; fileEncoding = 4; lastKnownFileType = sourcecode.c.objc; name = CDReminderTableViewController.m; path = Classes/Controller/CDReminderTableViewController.m; sourceTree = "<group>"; };
		B6AAB4D21D34FA2900D76E5F /* CDReminderTableViewController.h */ = {isa = PBXFileReference; fileEncoding = 4; lastKnownFileType = sourcecode.c.h; name = CDReminderTableViewController.h; path = Classes/Controller/CDReminderTableViewController.h; sourceTree = "<group>"; };
		B6AAB4D41D353F9300D76E5F /* CDReminderCell.h */ = {isa = PBXFileReference; fileEncoding = 4; lastKnownFileType = sourcecode.c.h; name = CDReminderCell.h; path = Classes/ReminderCell/CDReminderCell.h; sourceTree = "<group>"; };
		B6AAB4D51D353F9300D76E5F /* CDReminderCell.m */ = {isa = PBXFileReference; fileEncoding = 4; lastKnownFileType = sourcecode.c.objc; name = CDReminderCell.m; path = Classes/ReminderCell/CDReminderCell.m; sourceTree = "<group>"; };
/* End PBXFileReference section */

/* Begin PBXFrameworksBuildPhase section */
		B65576671D26B0940075805E /* Frameworks */ = {
			isa = PBXFrameworksBuildPhase;
			buildActionMask = 2147483647;
			files = (
			);
			runOnlyForDeploymentPostprocessing = 0;
		};
/* End PBXFrameworksBuildPhase section */

/* Begin PBXGroup section */
		B64B937B1D2D489300CA5138 /* CoreData */ = {
			isa = PBXGroup;
			children = (
				B64B937C1D2D48C200CA5138 /* ReminderApp_OBJC.xcdatamodeld */,
			);
			name = CoreData;
			sourceTree = "<group>";
		};
		B65576611D26B0940075805E = {
			isa = PBXGroup;
			children = (
				B655766C1D26B0940075805E /* ReminderApp-OBJC */,
				B655766B1D26B0940075805E /* Products */,
			);
			indentWidth = 4;
			sourceTree = "<group>";
		};
		B655766B1D26B0940075805E /* Products */ = {
			isa = PBXGroup;
			children = (
				B655766A1D26B0940075805E /* ReminderApp-OBJC.app */,
			);
			name = Products;
			sourceTree = "<group>";
		};
		B655766C1D26B0940075805E /* ReminderApp-OBJC */ = {
			isa = PBXGroup;
			children = (
				B64B937B1D2D489300CA5138 /* CoreData */,
				B656C81A1D2A4F670042F5E7 /* Classes */,
				B65576701D26B0940075805E /* AppDelegate.h */,
				B65576711D26B0940075805E /* AppDelegate.m */,
				B65576761D26B0940075805E /* Main.storyboard */,
				B655767C1D26B0940075805E /* Assets.xcassets */,
				B655767E1D26B0940075805E /* LaunchScreen.storyboard */,
				B65576811D26B0940075805E /* Info.plist */,
				B655766D1D26B0940075805E /* Supporting Files */,
			);
			path = "ReminderApp-OBJC";
			sourceTree = "<group>";
		};
		B655766D1D26B0940075805E /* Supporting Files */ = {
			isa = PBXGroup;
			children = (
				B655766E1D26B0940075805E /* main.m */,
			);
			name = "Supporting Files";
			sourceTree = "<group>";
		};
		B656C81A1D2A4F670042F5E7 /* Classes */ = {
			isa = PBXGroup;
			children = (
				B6A4CD101D33E3440049B994 /* ReminderCell */,
				B656C81B1D2A4F7B0042F5E7 /* Model */,
				B656C81C1D2A4F900042F5E7 /* Controller */,
			);
			name = Classes;
			sourceTree = "<group>";
		};
		B656C81B1D2A4F7B0042F5E7 /* Model */ = {
			isa = PBXGroup;
			children = (
				B65226531D3387B800588A87 /* CDTopic+CoreDataProperties.h */,
				B65226541D3387B800588A87 /* CDTopic+CoreDataProperties.m */,
				B65226551D3387B800588A87 /* CDTopic.h */,
				B65226561D3387B800588A87 /* CDTopic.m */,
				B643A93E1D37AE1E000E861F /* CDReminder+CoreDataProperties.h */,
				B643A93F1D37AE1E000E861F /* CDReminder+CoreDataProperties.m */,
				B643A9401D37AE1E000E861F /* CDReminder.h */,
				B643A9411D37AE1E000E861F /* CDReminder.m */,
			);
			name = Model;
			sourceTree = "<group>";
		};
		B656C81C1D2A4F900042F5E7 /* Controller */ = {
			isa = PBXGroup;
			children = (
				B6AAB4D11D34FA2900D76E5F /* CDReminderTableViewController.m */,
				B6AAB4D21D34FA2900D76E5F /* CDReminderTableViewController.h */,
				B64B93781D2D47FD00CA5138 /* CDTopicTableViewController.h */,
				B64B93791D2D47FD00CA5138 /* CDTopicTableViewController.m */,
				B6886A5A1D3E44A800B5E8F4 /* CDEditReminderTableViewController.h */,
				B6886A5B1D3E44A800B5E8F4 /* CDEditReminderTableViewController.m */,
			);
			name = Controller;
			sourceTree = "<group>";
		};
		B6A4CD101D33E3440049B994 /* ReminderCell */ = {
			isa = PBXGroup;
			children = (
				B6A4CD111D33E3BC0049B994 /* CDAddReminderCell.h */,
				B6A4CD121D33E3BC0049B994 /* CDAddReminderCell.m */,
				B6AAB4D41D353F9300D76E5F /* CDReminderCell.h */,
				B6AAB4D51D353F9300D76E5F /* CDReminderCell.m */,
				B6886A5D1D3E5EAD00B5E8F4 /* CDEditReminderTextCell.h */,
				B6886A5E1D3E5EAD00B5E8F4 /* CDEditReminderTextCell.m */,
				B6886A601D3E5EE400B5E8F4 /* CDEditRemindOnDayCell.h */,
				B6886A611D3E5EE400B5E8F4 /* CDEditRemindOnDayCell.m */,
				B6886A631D3E5EFF00B5E8F4 /* CDEditPriorityCell.h */,
				B6886A641D3E5EFF00B5E8F4 /* CDEditPriorityCell.m */,
				B6886A661D3E5F2D00B5E8F4 /* CDEditNotesTextCell.h */,
				B6886A671D3E5F2D00B5E8F4 /* CDEditNotesTextCell.m */,
				B6886A691D3E5F4700B5E8F4 /* CDEditDatePickerCell.h */,
				B6886A6A1D3E5F4700B5E8F4 /* CDEditDatePickerCell.m */,
			);
			name = ReminderCell;
			sourceTree = "<group>";
		};
/* End PBXGroup section */

/* Begin PBXNativeTarget section */
		B65576691D26B0940075805E /* ReminderApp-OBJC */ = {
			isa = PBXNativeTarget;
			buildConfigurationList = B65576841D26B0940075805E /* Build configuration list for PBXNativeTarget "ReminderApp-OBJC" */;
			buildPhases = (
				B65576661D26B0940075805E /* Sources */,
				B65576671D26B0940075805E /* Frameworks */,
				B65576681D26B0940075805E /* Resources */,
			);
			buildRules = (
			);
			dependencies = (
			);
			name = "ReminderApp-OBJC";
			productName = "ReminderApp-OBJC";
			productReference = B655766A1D26B0940075805E /* ReminderApp-OBJC.app */;
			productType = "com.apple.product-type.application";
		};
/* End PBXNativeTarget section */

/* Begin PBXProject section */
		B65576621D26B0940075805E /* Project object */ = {
			isa = PBXProject;
			attributes = {
				LastUpgradeCheck = 0730;
				ORGANIZATIONNAME = "Catalin David";
				TargetAttributes = {
					B65576691D26B0940075805E = {
						CreatedOnToolsVersion = 7.3.1;
						DevelopmentTeam = 872C7TWV9H;
					};
				};
			};
			buildConfigurationList = B65576651D26B0940075805E /* Build configuration list for PBXProject "ReminderApp-OBJC" */;
			compatibilityVersion = "Xcode 3.2";
			developmentRegion = English;
			hasScannedForEncodings = 0;
			knownRegions = (
				en,
				Base,
			);
			mainGroup = B65576611D26B0940075805E;
			productRefGroup = B655766B1D26B0940075805E /* Products */;
			projectDirPath = "";
			projectRoot = "";
			targets = (
				B65576691D26B0940075805E /* ReminderApp-OBJC */,
			);
		};
/* End PBXProject section */

/* Begin PBXResourcesBuildPhase section */
		B65576681D26B0940075805E /* Resources */ = {
			isa = PBXResourcesBuildPhase;
			buildActionMask = 2147483647;
			files = (
				B65576801D26B0940075805E /* LaunchScreen.storyboard in Resources */,
				B655767D1D26B0940075805E /* Assets.xcassets in Resources */,
				B65576781D26B0940075805E /* Main.storyboard in Resources */,
			);
			runOnlyForDeploymentPostprocessing = 0;
		};
/* End PBXResourcesBuildPhase section */

/* Begin PBXSourcesBuildPhase section */
		B65576661D26B0940075805E /* Sources */ = {
			isa = PBXSourcesBuildPhase;
			buildActionMask = 2147483647;
			files = (
				B65226571D3387B800588A87 /* CDTopic+CoreDataProperties.m in Sources */,
				B6886A651D3E5EFF00B5E8F4 /* CDEditPriorityCell.m in Sources */,
				B6AAB4D61D353F9300D76E5F /* CDReminderCell.m in Sources */,
				B65576721D26B0940075805E /* AppDelegate.m in Sources */,
				B655766F1D26B0940075805E /* main.m in Sources */,
				B65226581D3387B800588A87 /* CDTopic.m in Sources */,
				B6886A6B1D3E5F4700B5E8F4 /* CDEditDatePickerCell.m in Sources */,
				B64B937A1D2D47FD00CA5138 /* CDTopicTableViewController.m in Sources */,
				B6AAB4D31D34FA2900D76E5F /* CDReminderTableViewController.m in Sources */,
				B6886A621D3E5EE400B5E8F4 /* CDEditRemindOnDayCell.m in Sources */,
				B6886A5F1D3E5EAD00B5E8F4 /* CDEditReminderTextCell.m in Sources */,
				B64B937E1D2D48C200CA5138 /* ReminderApp_OBJC.xcdatamodeld in Sources */,
				B6886A681D3E5F2D00B5E8F4 /* CDEditNotesTextCell.m in Sources */,
				B6886A5C1D3E44A800B5E8F4 /* CDEditReminderTableViewController.m in Sources */,
				B6A4CD131D33E3BC0049B994 /* CDAddReminderCell.m in Sources */,
				B643A9421D37AE1E000E861F /* CDReminder+CoreDataProperties.m in Sources */,
				B643A9431D37AE1E000E861F /* CDReminder.m in Sources */,
			);
			runOnlyForDeploymentPostprocessing = 0;
		};
/* End PBXSourcesBuildPhase section */

/* Begin PBXVariantGroup section */
		B65576761D26B0940075805E /* Main.storyboard */ = {
			isa = PBXVariantGroup;
			children = (
				B65576771D26B0940075805E /* Base */,
			);
			name = Main.storyboard;
			sourceTree = "<group>";
		};
		B655767E1D26B0940075805E /* LaunchScreen.storyboard */ = {
			isa = PBXVariantGroup;
			children = (
				B655767F1D26B0940075805E /* Base */,
			);
			name = LaunchScreen.storyboard;
			sourceTree = "<group>";
		};
/* End PBXVariantGroup section */

/* Begin XCBuildConfiguration section */
		B65576821D26B0940075805E /* Debug */ = {
			isa = XCBuildConfiguration;
			buildSettings = {
				ALWAYS_SEARCH_USER_PATHS = NO;
				CLANG_ANALYZER_NONNULL = YES;
				CLANG_CXX_LANGUAGE_STANDARD = "gnu++0x";
				CLANG_CXX_LIBRARY = "libc++";
				CLANG_ENABLE_MODULES = YES;
				CLANG_ENABLE_OBJC_ARC = YES;
				CLANG_WARN_BOOL_CONVERSION = YES;
				CLANG_WARN_CONSTANT_CONVERSION = YES;
				CLANG_WARN_DIRECT_OBJC_ISA_USAGE = YES_ERROR;
				CLANG_WARN_EMPTY_BODY = YES;
				CLANG_WARN_ENUM_CONVERSION = YES;
				CLANG_WARN_INT_CONVERSION = YES;
				CLANG_WARN_OBJC_ROOT_CLASS = YES_ERROR;
				CLANG_WARN_UNREACHABLE_CODE = YES;
				CLANG_WARN__DUPLICATE_METHOD_MATCH = YES;
				"CODE_SIGN_IDENTITY[sdk=iphoneos*]" = "iPhone Developer";
				COPY_PHASE_STRIP = NO;
				DEBUG_INFORMATION_FORMAT = dwarf;
				ENABLE_STRICT_OBJC_MSGSEND = YES;
				ENABLE_TESTABILITY = YES;
				GCC_C_LANGUAGE_STANDARD = gnu99;
				GCC_DYNAMIC_NO_PIC = NO;
				GCC_NO_COMMON_BLOCKS = YES;
				GCC_OPTIMIZATION_LEVEL = 0;
				GCC_PREPROCESSOR_DEFINITIONS = (
					"DEBUG=1",
					"$(inherited)",
				);
				GCC_WARN_64_TO_32_BIT_CONVERSION = YES;
				GCC_WARN_ABOUT_RETURN_TYPE = YES_ERROR;
				GCC_WARN_UNDECLARED_SELECTOR = YES;
				GCC_WARN_UNINITIALIZED_AUTOS = YES_AGGRESSIVE;
				GCC_WARN_UNUSED_FUNCTION = YES;
				GCC_WARN_UNUSED_VARIABLE = YES;
				IPHONEOS_DEPLOYMENT_TARGET = 9.3;
				MTL_ENABLE_DEBUG_INFO = YES;
				ONLY_ACTIVE_ARCH = YES;
				SDKROOT = iphoneos;
				TARGETED_DEVICE_FAMILY = "1,2";
			};
			name = Debug;
		};
		B65576831D26B0940075805E /* Release */ = {
			isa = XCBuildConfiguration;
			buildSettings = {
				ALWAYS_SEARCH_USER_PATHS = NO;
				CLANG_ANALYZER_NONNULL = YES;
				CLANG_CXX_LANGUAGE_STANDARD = "gnu++0x";
				CLANG_CXX_LIBRARY = "libc++";
				CLANG_ENABLE_MODULES = YES;
				CLANG_ENABLE_OBJC_ARC = YES;
				CLANG_WARN_BOOL_CONVERSION = YES;
				CLANG_WARN_CONSTANT_CONVERSION = YES;
				CLANG_WARN_DIRECT_OBJC_ISA_USAGE = YES_ERROR;
				CLANG_WARN_EMPTY_BODY = YES;
				CLANG_WARN_ENUM_CONVERSION = YES;
				CLANG_WARN_INT_CONVERSION = YES;
				CLANG_WARN_OBJC_ROOT_CLASS = YES_ERROR;
				CLANG_WARN_UNREACHABLE_CODE = YES;
				CLANG_WARN__DUPLICATE_METHOD_MATCH = YES;
				"CODE_SIGN_IDENTITY[sdk=iphoneos*]" = "iPhone Developer";
				COPY_PHASE_STRIP = NO;
				DEBUG_INFORMATION_FORMAT = "dwarf-with-dsym";
				ENABLE_NS_ASSERTIONS = NO;
				ENABLE_STRICT_OBJC_MSGSEND = YES;
				GCC_C_LANGUAGE_STANDARD = gnu99;
				GCC_NO_COMMON_BLOCKS = YES;
				GCC_WARN_64_TO_32_BIT_CONVERSION = YES;
				GCC_WARN_ABOUT_RETURN_TYPE = YES_ERROR;
				GCC_WARN_UNDECLARED_SELECTOR = YES;
				GCC_WARN_UNINITIALIZED_AUTOS = YES_AGGRESSIVE;
				GCC_WARN_UNUSED_FUNCTION = YES;
				GCC_WARN_UNUSED_VARIABLE = YES;
				IPHONEOS_DEPLOYMENT_TARGET = 9.3;
				MTL_ENABLE_DEBUG_INFO = NO;
				SDKROOT = iphoneos;
				TARGETED_DEVICE_FAMILY = "1,2";
				VALIDATE_PRODUCT = YES;
			};
			name = Release;
		};
		B65576851D26B0940075805E /* Debug */ = {
			isa = XCBuildConfiguration;
			buildSettings = {
				ASSETCATALOG_COMPILER_APPICON_NAME = AppIcon;
				CLANG_ENABLE_MODULES = YES;
				CODE_SIGN_IDENTITY = "iPhone Developer";
				"CODE_SIGN_IDENTITY[sdk=iphoneos*]" = "iPhone Developer";
				INFOPLIST_FILE = "ReminderApp-OBJC/Info.plist";
				LD_RUNPATH_SEARCH_PATHS = "$(inherited) @executable_path/Frameworks";
				PRODUCT_BUNDLE_IDENTIFIER = "sv.ReminderApp-OBJC";
				PRODUCT_NAME = "$(TARGET_NAME)";
				PROVISIONING_PROFILE = "";
				SWIFT_OBJC_BRIDGING_HEADER = "ReminderApp-OBJC/ReminderApp-OBJC-Bridging-Header.h";
				SWIFT_OPTIMIZATION_LEVEL = "-Onone";
			};
			name = Debug;
		};
		B65576861D26B0940075805E /* Release */ = {
			isa = XCBuildConfiguration;
			buildSettings = {
				ASSETCATALOG_COMPILER_APPICON_NAME = AppIcon;
				CLANG_ENABLE_MODULES = YES;
				CODE_SIGN_IDENTITY = "iPhone Developer";
				"CODE_SIGN_IDENTITY[sdk=iphoneos*]" = "iPhone Developer";
				INFOPLIST_FILE = "ReminderApp-OBJC/Info.plist";
				LD_RUNPATH_SEARCH_PATHS = "$(inherited) @executable_path/Frameworks";
				PRODUCT_BUNDLE_IDENTIFIER = "sv.ReminderApp-OBJC";
				PRODUCT_NAME = "$(TARGET_NAME)";
				PROVISIONING_PROFILE = "";
				SWIFT_OBJC_BRIDGING_HEADER = "ReminderApp-OBJC/ReminderApp-OBJC-Bridging-Header.h";
			};
			name = Release;
		};
/* End XCBuildConfiguration section */

/* Begin XCConfigurationList section */
		B65576651D26B0940075805E /* Build configuration list for PBXProject "ReminderApp-OBJC" */ = {
			isa = XCConfigurationList;
			buildConfigurations = (
				B65576821D26B0940075805E /* Debug */,
				B65576831D26B0940075805E /* Release */,
			);
			defaultConfigurationIsVisible = 0;
			defaultConfigurationName = Release;
		};
		B65576841D26B0940075805E /* Build configuration list for PBXNativeTarget "ReminderApp-OBJC" */ = {
			isa = XCConfigurationList;
			buildConfigurations = (
				B65576851D26B0940075805E /* Debug */,
				B65576861D26B0940075805E /* Release */,
			);
			defaultConfigurationIsVisible = 0;
			defaultConfigurationName = Release;
		};
/* End XCConfigurationList section */

/* Begin XCVersionGroup section */
		B64B937C1D2D48C200CA5138 /* ReminderApp_OBJC.xcdatamodeld */ = {
			isa = XCVersionGroup;
			children = (
				B64B937D1D2D48C200CA5138 /* ReminderApp_OBJC.xcdatamodel */,
			);
			currentVersion = B64B937D1D2D48C200CA5138 /* ReminderApp_OBJC.xcdatamodel */;
			name = ReminderApp_OBJC.xcdatamodeld;
			path = CoreData/ReminderApp_OBJC.xcdatamodeld;
			sourceTree = "<group>";
			versionGroupType = wrapper.xcdatamodel;
		};
/* End XCVersionGroup section */
	};
	rootObject = B65576621D26B0940075805E /* Project object */;
}
